// !$*UTF8*$!
{
	archiveVersion = 1;
	classes = {
	};
	objectVersion = 46;
	objects = {

/* Begin PBXBuildFile section */
		E3A0D6F71CCA7CE1005B3120 /* main.m in Sources */ = {isa = PBXBuildFile; fileRef = E3A0D6F61CCA7CE1005B3120 /* main.m */; };
		E3A0D6FA1CCA7CE1005B3120 /* AppDelegate.m in Sources */ = {isa = PBXBuildFile; fileRef = E3A0D6F91CCA7CE1005B3120 /* AppDelegate.m */; };
		E3A0D6FD1CCA7CE1005B3120 /* HeroTableViewController.m in Sources */ = {isa = PBXBuildFile; fileRef = E3A0D6FC1CCA7CE1005B3120 /* HeroTableViewController.m */; };
		E3A0D7001CCA7CE1005B3120 /* Main.storyboard in Resources */ = {isa = PBXBuildFile; fileRef = E3A0D6FE1CCA7CE1005B3120 /* Main.storyboard */; };
		E3A0D7021CCA7CE1005B3120 /* Assets.xcassets in Resources */ = {isa = PBXBuildFile; fileRef = E3A0D7011CCA7CE1005B3120 /* Assets.xcassets */; };
		E3A0D7051CCA7CE1005B3120 /* LaunchScreen.storyboard in Resources */ = {isa = PBXBuildFile; fileRef = E3A0D7031CCA7CE1005B3120 /* LaunchScreen.storyboard */; };
		E3A0D70E1CCA7D90005B3120 /* Hero.m in Sources */ = {isa = PBXBuildFile; fileRef = E3A0D70D1CCA7D90005B3120 /* Hero.m */; };
		E3A0D7111CCA7E03005B3120 /* HeroDetailsViewController.m in Sources */ = {isa = PBXBuildFile; fileRef = E3A0D7101CCA7E03005B3120 /* HeroDetailsViewController.m */; };
/* End PBXBuildFile section */

/* Begin PBXFileReference section */
		E3A0D6F21CCA7CE1005B3120 /* Hero2.app */ = {isa = PBXFileReference; explicitFileType = wrapper.application; includeInIndex = 0; path = Hero2.app; sourceTree = BUILT_PRODUCTS_DIR; };
		E3A0D6F61CCA7CE1005B3120 /* main.m */ = {isa = PBXFileReference; lastKnownFileType = sourcecode.c.objc; path = main.m; sourceTree = "<group>"; };
		E3A0D6F81CCA7CE1005B3120 /* AppDelegate.h */ = {isa = PBXFileReference; lastKnownFileType = sourcecode.c.h; path = AppDelegate.h; sourceTree = "<group>"; };
		E3A0D6F91CCA7CE1005B3120 /* AppDelegate.m */ = {isa = PBXFileReference; lastKnownFileType = sourcecode.c.objc; path = AppDelegate.m; sourceTree = "<group>"; };
		E3A0D6FB1CCA7CE1005B3120 /* HeroTableViewController.h */ = {isa = PBXFileReference; lastKnownFileType = sourcecode.c.h; path = HeroTableViewController.h; sourceTree = "<group>"; };
		E3A0D6FC1CCA7CE1005B3120 /* HeroTableViewController.m */ = {isa = PBXFileReference; lastKnownFileType = sourcecode.c.objc; path = HeroTableViewController.m; sourceTree = "<group>"; };
		E3A0D6FF1CCA7CE1005B3120 /* Base */ = {isa = PBXFileReference; lastKnownFileType = file.storyboard; name = Base; path = Base.lproj/Main.storyboard; sourceTree = "<group>"; };
		E3A0D7011CCA7CE1005B3120 /* Assets.xcassets */ = {isa = PBXFileReference; lastKnownFileType = folder.assetcatalog; path = Assets.xcassets; sourceTree = "<group>"; };
		E3A0D7041CCA7CE1005B3120 /* Base */ = {isa = PBXFileReference; lastKnownFileType = file.storyboard; name = Base; path = Base.lproj/LaunchScreen.storyboard; sourceTree = "<group>"; };
		E3A0D7061CCA7CE1005B3120 /* Info.plist */ = {isa = PBXFileReference; lastKnownFileType = text.plist.xml; path = Info.plist; sourceTree = "<group>"; };
		E3A0D70C1CCA7D90005B3120 /* Hero.h */ = {isa = PBXFileReference; fileEncoding = 4; lastKnownFileType = sourcecode.c.h; path = Hero.h; sourceTree = "<group>"; };
		E3A0D70D1CCA7D90005B3120 /* Hero.m */ = {isa = PBXFileReference; fileEncoding = 4; lastKnownFileType = sourcecode.c.objc; path = Hero.m; sourceTree = "<group>"; };
		E3A0D70F1CCA7E03005B3120 /* HeroDetailsViewController.h */ = {isa = PBXFileReference; fileEncoding = 4; lastKnownFileType = sourcecode.c.h; path = HeroDetailsViewController.h; sourceTree = "<group>"; };
		E3A0D7101CCA7E03005B3120 /* HeroDetailsViewController.m */ = {isa = PBXFileReference; fileEncoding = 4; lastKnownFileType = sourcecode.c.objc; path = HeroDetailsViewController.m; sourceTree = "<group>"; };
/* End PBXFileReference section */

/* Begin PBXFrameworksBuildPhase section */
		E3A0D6EF1CCA7CE1005B3120 /* Frameworks */ = {
			isa = PBXFrameworksBuildPhase;
			buildActionMask = 2147483647;
			files = (
			);
			runOnlyForDeploymentPostprocessing = 0;
		};
/* End PBXFrameworksBuildPhase section */

/* Begin PBXGroup section */
		E3A0D6E91CCA7CE1005B3120 = {
			isa = PBXGroup;
			children = (
				E3A0D6F41CCA7CE1005B3120 /* Hero2 */,
				E3A0D6F31CCA7CE1005B3120 /* Products */,
			);
			sourceTree = "<group>";
		};
		E3A0D6F31CCA7CE1005B3120 /* Products */ = {
			isa = PBXGroup;
			children = (
				E3A0D6F21CCA7CE1005B3120 /* Hero2.app */,
			);
			name = Products;
			sourceTree = "<group>";
		};
		E3A0D6F41CCA7CE1005B3120 /* Hero2 */ = {
			isa = PBXGroup;
			children = (
				E3A0D6F81CCA7CE1005B3120 /* AppDelegate.h */,
				E3A0D6F91CCA7CE1005B3120 /* AppDelegate.m */,
				E3A0D70C1CCA7D90005B3120 /* Hero.h */,
				E3A0D70D1CCA7D90005B3120 /* Hero.m */,
				E3A0D6FB1CCA7CE1005B3120 /* HeroTableViewController.h */,
				E3A0D6FC1CCA7CE1005B3120 /* HeroTableViewController.m */,
				E3A0D70F1CCA7E03005B3120 /* HeroDetailsViewController.h */,
				E3A0D7101CCA7E03005B3120 /* HeroDetailsViewController.m */,
				E3A0D6FE1CCA7CE1005B3120 /* Main.storyboard */,
				E3A0D7011CCA7CE1005B3120 /* Assets.xcassets */,
				E3A0D7031CCA7CE1005B3120 /* LaunchScreen.storyboard */,
				E3A0D7061CCA7CE1005B3120 /* Info.plist */,
				E3A0D6F51CCA7CE1005B3120 /* Supporting Files */,
			);
			path = Hero2;
			sourceTree = "<group>";
		};
		E3A0D6F51CCA7CE1005B3120 /* Supporting Files */ = {
			isa = PBXGroup;
			children = (
				E3A0D6F61CCA7CE1005B3120 /* main.m */,
			);
			name = "Supporting Files";
			sourceTree = "<group>";
		};
/* End PBXGroup section */

/* Begin PBXNativeTarget section */
		E3A0D6F11CCA7CE1005B3120 /* Hero2 */ = {
			isa = PBXNativeTarget;
			buildConfigurationList = E3A0D7091CCA7CE1005B3120 /* Build configuration list for PBXNativeTarget "Hero2" */;
			buildPhases = (
				E3A0D6EE1CCA7CE1005B3120 /* Sources */,
				E3A0D6EF1CCA7CE1005B3120 /* Frameworks */,
				E3A0D6F01CCA7CE1005B3120 /* Resources */,
			);
			buildRules = (
			);
			dependencies = (
			);
			name = Hero2;
			productName = Hero2;
			productReference = E3A0D6F21CCA7CE1005B3120 /* Hero2.app */;
			productType = "com.apple.product-type.application";
		};
/* End PBXNativeTarget section */

/* Begin PBXProject section */
		E3A0D6EA1CCA7CE1005B3120 /* Project object */ = {
			isa = PBXProject;
			attributes = {
				LastUpgradeCheck = 0730;
				ORGANIZATIONNAME = "Tom Williamson";
				TargetAttributes = {
					E3A0D6F11CCA7CE1005B3120 = {
						CreatedOnToolsVersion = 7.3;
					};
				};
			};
			buildConfigurationList = E3A0D6ED1CCA7CE1005B3120 /* Build configuration list for PBXProject "Hero2" */;
			compatibilityVersion = "Xcode 3.2";
			developmentRegion = English;
			hasScannedForEncodings = 0;
			knownRegions = (
				en,
				Base,
			);
			mainGroup = E3A0D6E91CCA7CE1005B3120;
			productRefGroup = E3A0D6F31CCA7CE1005B3120 /* Products */;
			projectDirPath = "";
			projectRoot = "";
			targets = (
				E3A0D6F11CCA7CE1005B3120 /* Hero2 */,
			);
		};
/* End PBXProject section */

/* Begin PBXResourcesBuildPhase section */
		E3A0D6F01CCA7CE1005B3120 /* Resources */ = {
			isa = PBXResourcesBuildPhase;
			buildActionMask = 2147483647;
			files = (
				E3A0D7051CCA7CE1005B3120 /* LaunchScreen.storyboard in Resources */,
				E3A0D7021CCA7CE1005B3120 /* Assets.xcassets in Resources */,
				E3A0D7001CCA7CE1005B3120 /* Main.storyboard in Resources */,
			);
			runOnlyForDeploymentPostprocessing = 0;
		};
/* End PBXResourcesBuildPhase section */

/* Begin PBXSourcesBuildPhase section */
		E3A0D6EE1CCA7CE1005B3120 /* Sources */ = {
			isa = PBXSourcesBuildPhase;
			buildActionMask = 2147483647;
			files = (
				E3A0D6FD1CCA7CE1005B3120 /* HeroTableViewController.m in Sources */,
				E3A0D6FA1CCA7CE1005B3120 /* AppDelegate.m in Sources */,
				E3A0D6F71CCA7CE1005B3120 /* main.m in Sources */,
				E3A0D70E1CCA7D90005B3120 /* Hero.m in Sources */,
				E3A0D7111CCA7E03005B3120 /* HeroDetailsViewController.m in Sources */,
			);
			runOnlyForDeploymentPostprocessing = 0;
		};
/* End PBXSourcesBuildPhase section */

/* Begin PBXVariantGroup section */
		E3A0D6FE1CCA7CE1005B3120 /* Main.storyboard */ = {
			isa = PBXVariantGroup;
			children = (
				E3A0D6FF1CCA7CE1005B3120 /* Base */,
			);
			name = Main.storyboard;
			sourceTree = "<group>";
		};
		E3A0D7031CCA7CE1005B3120 /* LaunchScreen.storyboard */ = {
			isa = PBXVariantGroup;
			children = (
				E3A0D7041CCA7CE1005B3120 /* Base */,
			);
			name = LaunchScreen.storyboard;
			sourceTree = "<group>";
		};
/* End PBXVariantGroup section */

/* Begin XCBuildConfiguration section */
		E3A0D7071CCA7CE1005B3120 /* Debug */ = {
			isa = XCBuildConfiguration;
			buildSettings = {
				ALWAYS_SEARCH_USER_PATHS = NO;
				CLANG_ANALYZER_NONNULL = YES;
				CLANG_CXX_LANGUAGE_STANDARD = "gnu++0x";
				CLANG_CXX_LIBRARY = "libc++";
				CLANG_ENABLE_MODULES = YES;
				CLANG_ENABLE_OBJC_ARC = YES;
				CLANG_WARN_BOOL_CONVERSION = YES;
				CLANG_WARN_CONSTANT_CONVERSION = YES;
				CLANG_WARN_DIRECT_OBJC_ISA_USAGE = YES_ERROR;
				CLANG_WARN_EMPTY_BODY = YES;
				CLANG_WARN_ENUM_CONVERSION = YES;
				CLANG_WARN_INT_CONVERSION = YES;
				CLANG_WARN_OBJC_ROOT_CLASS = YES_ERROR;
				CLANG_WARN_UNREACHABLE_CODE = YES;
				CLANG_WARN__DUPLICATE_METHOD_MATCH = YES;
				"CODE_SIGN_IDENTITY[sdk=iphoneos*]" = "iPhone Developer";
				COPY_PHASE_STRIP = NO;
				DEBUG_INFORMATION_FORMAT = dwarf;
				ENABLE_STRICT_OBJC_MSGSEND = YES;
				ENABLE_TESTABILITY = YES;
				GCC_C_LANGUAGE_STANDARD = gnu99;
				GCC_DYNAMIC_NO_PIC = NO;
				GCC_NO_COMMON_BLOCKS = YES;
				GCC_OPTIMIZATION_LEVEL = 0;
				GCC_PREPROCESSOR_DEFINITIONS = (
					"DEBUG=1",
					"$(inherited)",
				);
				GCC_WARN_64_TO_32_BIT_CONVERSION = YES;
				GCC_WARN_ABOUT_RETURN_TYPE = YES_ERROR;
				GCC_WARN_UNDECLARED_SELECTOR = YES;
				GCC_WARN_UNINITIALIZED_AUTOS = YES_AGGRESSIVE;
				GCC_WARN_UNUSED_FUNCTION = YES;
				GCC_WARN_UNUSED_VARIABLE = YES;
				IPHONEOS_DEPLOYMENT_TARGET = 9.3;
				MTL_ENABLE_DEBUG_INFO = YES;
				ONLY_ACTIVE_ARCH = YES;
				SDKROOT = iphoneos;
			};
			name = Debug;
		};
		E3A0D7081CCA7CE1005B3120 /* Release */ = {
			isa = XCBuildConfiguration;
			buildSettings = {
				ALWAYS_SEARCH_USER_PATHS = NO;
				CLANG_ANALYZER_NONNULL = YES;
				CLANG_CXX_LANGUAGE_STANDARD = "gnu++0x";
				CLANG_CXX_LIBRARY = "libc++";
				CLANG_ENABLE_MODULES = YES;
				CLANG_ENABLE_OBJC_ARC = YES;
				CLANG_WARN_BOOL_CONVERSION = YES;
				CLANG_WARN_CONSTANT_CONVERSION = YES;
				CLANG_WARN_DIRECT_OBJC_ISA_USAGE = YES_ERROR;
				CLANG_WARN_EMPTY_BODY = YES;
				CLANG_WARN_ENUM_CONVERSION = YES;
				CLANG_WARN_INT_CONVERSION = YES;
				CLANG_WARN_OBJC_ROOT_CLASS = YES_ERROR;
				CLANG_WARN_UNREACHABLE_CODE = YES;
				CLANG_WARN__DUPLICATE_METHOD_MATCH = YES;
				"CODE_SIGN_IDENTITY[sdk=iphoneos*]" = "iPhone Developer";
				COPY_PHASE_STRIP = NO;
				DEBUG_INFORMATION_FORMAT = "dwarf-with-dsym";
				ENABLE_NS_ASSERTIONS = NO;
				ENABLE_STRICT_OBJC_MSGSEND = YES;
				GCC_C_LANGUAGE_STANDARD = gnu99;
				GCC_NO_COMMON_BLOCKS = YES;
				GCC_WARN_64_TO_32_BIT_CONVERSION = YES;
				GCC_WARN_ABOUT_RETURN_TYPE = YES_ERROR;
				GCC_WARN_UNDECLARED_SELECTOR = YES;
				GCC_WARN_UNINITIALIZED_AUTOS = YES_AGGRESSIVE;
				GCC_WARN_UNUSED_FUNCTION = YES;
				GCC_WARN_UNUSED_VARIABLE = YES;
				IPHONEOS_DEPLOYMENT_TARGET = 9.3;
				MTL_ENABLE_DEBUG_INFO = NO;
				SDKROOT = iphoneos;
				VALIDATE_PRODUCT = YES;
			};
			name = Release;
		};
		E3A0D70A1CCA7CE1005B3120 /* Debug */ = {
			isa = XCBuildConfiguration;
			buildSettings = {
				ASSETCATALOG_COMPILER_APPICON_NAME = AppIcon;
				INFOPLIST_FILE = Hero2/Info.plist;
				LD_RUNPATH_SEARCH_PATHS = "$(inherited) @executable_path/Frameworks";
				PRODUCT_BUNDLE_IDENTIFIER = com.dtssoftware.Hero2;
				PRODUCT_NAME = "$(TARGET_NAME)";
			};
			name = Debug;
		};
		E3A0D70B1CCA7CE1005B3120 /* Release */ = {
			isa = XCBuildConfiguration;
			buildSettings = {
				ASSETCATALOG_COMPILER_APPICON_NAME = AppIcon;
				INFOPLIST_FILE = Hero2/Info.plist;
				LD_RUNPATH_SEARCH_PATHS = "$(inherited) @executable_path/Frameworks";
				PRODUCT_BUNDLE_IDENTIFIER = com.dtssoftware.Hero2;
				PRODUCT_NAME = "$(TARGET_NAME)";
			};
			name = Release;
		};
/* End XCBuildConfiguration section */

/* Begin XCConfigurationList section */
		E3A0D6ED1CCA7CE1005B3120 /* Build configuration list for PBXProject "Hero2" */ = {
			isa = XCConfigurationList;
			buildConfigurations = (
				E3A0D7071CCA7CE1005B3120 /* Debug */,
				E3A0D7081CCA7CE1005B3120 /* Release */,
			);
			defaultConfigurationIsVisible = 0;
			defaultConfigurationName = Release;
		};
		E3A0D7091CCA7CE1005B3120 /* Build configuration list for PBXNativeTarget "Hero2" */ = {
			isa = XCConfigurationList;
			buildConfigurations = (
				E3A0D70A1CCA7CE1005B3120 /* Debug */,
				E3A0D70B1CCA7CE1005B3120 /* Release */,
			);
			defaultConfigurationIsVisible = 0;
		};
/* End XCConfigurationList section */
	};
	rootObject = E3A0D6EA1CCA7CE1005B3120 /* Project object */;
}
